{
  "version": 4,
  "terraform_version": "0.12.21",
  "serial": 3,
  "lineage": "340d889d-1198-c528-2a89-94d92eec7d60",
  "outputs": {},
  "resources": [
    {
      "mode": "managed",
      "type": "google_container_node_pool",
      "name": "kafka_node_pool",
      "each": "list",
      "provider": "provider.google",
      "instances": [
        {
          "index_key": 0,
          "schema_version": 1,
          "attributes": {
            "autoscaling": [
              {
                "max_node_count": 7,
                "min_node_count": 3
              }
            ],
            "cluster": "gke-kafka-cluster",
            "id": "projects/kafka-k8s-trial/locations/europe-west2-a/clusters/gke-kafka-cluster/nodePools/kafka-node-pool",
            "initial_node_count": 1,
            "instance_group_urls": [
              "https://www.googleapis.com/compute/v1/projects/kafka-k8s-trial/zones/europe-west2-a/instanceGroupManagers/gke-gke-kafka-cluster-kafka-node-pool-ad9ab3e1-grp"
            ],
            "location": "europe-west2-a",
            "management": [
              {
                "auto_repair": true,
                "auto_upgrade": true
              }
            ],
            "max_pods_per_node": 110,
            "name": "kafka-node-pool",
            "name_prefix": "",
            "node_config": [
              {
                "disk_size_gb": 100,
                "disk_type": "pd-standard",
                "guest_accelerator": [],
                "image_type": "COS",
                "labels": {},
                "local_ssd_count": 0,
                "machine_type": "n1-standard-1",
                "metadata": {
                  "disable-legacy-endpoints": "true"
                },
                "min_cpu_platform": "",
                "oauth_scopes": [
                  "https://www.googleapis.com/auth/cloud-platform"
                ],
                "preemptible": false,
                "sandbox_config": [],
                "service_account": "cluster-minimal-e8bb921d9b59@kafka-k8s-trial.iam.gserviceaccount.com",
                "shielded_instance_config": [
                  {
                    "enable_integrity_monitoring": true,
                    "enable_secure_boot": false
                  }
                ],
                "tags": [
                  "kafka-broker-node"
                ],
                "taint": [
                  {
                    "effect": "NO_SCHEDULE",
                    "key": "is-kafka-broker-node",
                    "value": "true"
                  }
                ],
                "workload_metadata_config": []
              }
            ],
            "node_count": 1,
            "project": "kafka-k8s-trial",
            "region": null,
            "timeouts": {
              "create": null,
              "delete": null,
              "update": "20m"
            },
            "version": "1.15.9-gke.12",
            "zone": null
          },
          "private": "eyJlMmJmYjczMC1lY2FhLTExZTYtOGY4OC0zNDM2M2JjN2M0YzAiOnsiY3JlYXRlIjoxODAwMDAwMDAwMDAwLCJkZWxldGUiOjE4MDAwMDAwMDAwMDAsInVwZGF0ZSI6MTIwMDAwMDAwMDAwMH0sInNjaGVtYV92ZXJzaW9uIjoiMSJ9"
        }
      ]
    }
  ]
}
